
Microsoft Visual Studio Solution File, Format Version 12.00
# Visual Studio Version 17
VisualStudioVersion = 17.0.31903.59
MinimumVisualStudioVersion = 10.0.40219.1
Project("{FAE04EC0-301F-11D3-BF4B-00C04F79EFBC}") = "Yarp.Example.Gateway", "Yarp.Example.Gateway\Yarp.Example.Gateway.csproj", "{33931C34-6815-41B5-9591-04724DADF326}"
EndProject
Project("{FAE04EC0-301F-11D3-BF4B-00C04F79EFBC}") = "Yarp.Example.Sales.Api", "Yarp.Example.Sales.Api\Yarp.Example.Sales.Api.csproj", "{F186F1A2-D7E9-4588-BC1E-8F0154FC76C0}"
EndProject
Project("{FAE04EC0-301F-11D3-BF4B-00C04F79EFBC}") = "Yarp.Example.Product.Api", "Yarp.Example.Product.Api\Yarp.Example.Product.Api.csproj", "{4C196161-485A-46C6-BB9C-6D8CDA462F6A}"
EndProject
Project("{FAE04EC0-301F-11D3-BF4B-00C04F79EFBC}") = "Yarp.Example.Product2.Api", "Yarp.Example.Product2.Api\Yarp.Example.Product2.Api.csproj", "{876446DD-5E4A-4F24-9CC3-A1AD64932160}"
EndProject
Global
	GlobalSection(SolutionConfigurationPlatforms) = preSolution
		Debug|Any CPU = Debug|Any CPU
		Release|Any CPU = Release|Any CPU
	EndGlobalSection
	GlobalSection(ProjectConfigurationPlatforms) = postSolution
		{33931C34-6815-41B5-9591-04724DADF326}.Debug|Any CPU.ActiveCfg = Debug|Any CPU
		{33931C34-6815-41B5-9591-04724DADF326}.Debug|Any CPU.Build.0 = Debug|Any CPU
		{33931C34-6815-41B5-9591-04724DADF326}.Release|Any CPU.ActiveCfg = Release|Any CPU
		{33931C34-6815-41B5-9591-04724DADF326}.Release|Any CPU.Build.0 = Release|Any CPU
		{F186F1A2-D7E9-4588-BC1E-8F0154FC76C0}.Debug|Any CPU.ActiveCfg = Debug|Any CPU
		{F186F1A2-D7E9-4588-BC1E-8F0154FC76C0}.Debug|Any CPU.Build.0 = Debug|Any CPU
		{F186F1A2-D7E9-4588-BC1E-8F0154FC76C0}.Release|Any CPU.ActiveCfg = Release|Any CPU
		{F186F1A2-D7E9-4588-BC1E-8F0154FC76C0}.Release|Any CPU.Build.0 = Release|Any CPU
		{4C196161-485A-46C6-BB9C-6D8CDA462F6A}.Debug|Any CPU.ActiveCfg = Debug|Any CPU
		{4C196161-485A-46C6-BB9C-6D8CDA462F6A}.Debug|Any CPU.Build.0 = Debug|Any CPU
		{4C196161-485A-46C6-BB9C-6D8CDA462F6A}.Release|Any CPU.ActiveCfg = Release|Any CPU
		{4C196161-485A-46C6-BB9C-6D8CDA462F6A}.Release|Any CPU.Build.0 = Release|Any CPU
		{876446DD-5E4A-4F24-9CC3-A1AD64932160}.Debug|Any CPU.ActiveCfg = Debug|Any CPU
		{876446DD-5E4A-4F24-9CC3-A1AD64932160}.Debug|Any CPU.Build.0 = Debug|Any CPU
		{876446DD-5E4A-4F24-9CC3-A1AD64932160}.Release|Any CPU.ActiveCfg = Release|Any CPU
		{876446DD-5E4A-4F24-9CC3-A1AD64932160}.Release|Any CPU.Build.0 = Release|Any CPU
	EndGlobalSection
	GlobalSection(SolutionProperties) = preSolution
		HideSolutionNode = FALSE
	EndGlobalSection
EndGlobal
